
Microsoft Visual Studio Solution File, Format Version 12.00
# Visual Studio Version 17
VisualStudioVersion = 17.4.33122.133
MinimumVisualStudioVersion = 10.0.40219.1
Project("{9A19103F-16F7-4668-BE54-9A1E7A4F7556}") = "NLayer.Core", "Nlayer.Core\NLayer.Core.csproj", "{3ED974F6-94C3-46DA-8C79-512D08D10205}"
EndProject
Project("{9A19103F-16F7-4668-BE54-9A1E7A4F7556}") = "NLayer.Repository", "NLayer.Repository\NLayer.Repository.csproj", "{98DD9A38-AA02-46FF-8DAC-052319F833B3}"
EndProject
Project("{9A19103F-16F7-4668-BE54-9A1E7A4F7556}") = "NLayer.Service", "NLayer.Service\NLayer.Service.csproj", "{57B2E14A-7F4C-4D67-A607-9532D19CDC68}"
EndProject
Project("{9A19103F-16F7-4668-BE54-9A1E7A4F7556}") = "NLayer.API", "NLayer.API\NLayer.API.csproj", "{DEC0A979-7439-4381-92CD-FFAD2564F6D1}"
EndProject
Project("{9A19103F-16F7-4668-BE54-9A1E7A4F7556}") = "NLayer.Web", "NLayer.Web\NLayer.Web.csproj", "{68A40CDB-CF5D-42C2-A862-B65D73DE1F70}"
EndProject
Global
	GlobalSection(SolutionConfigurationPlatforms) = preSolution
		Debug|Any CPU = Debug|Any CPU
		Release|Any CPU = Release|Any CPU
	EndGlobalSection
	GlobalSection(ProjectConfigurationPlatforms) = postSolution
		{3ED974F6-94C3-46DA-8C79-512D08D10205}.Debug|Any CPU.ActiveCfg = Debug|Any CPU
		{3ED974F6-94C3-46DA-8C79-512D08D10205}.Debug|Any CPU.Build.0 = Debug|Any CPU
		{3ED974F6-94C3-46DA-8C79-512D08D10205}.Release|Any CPU.ActiveCfg = Release|Any CPU
		{3ED974F6-94C3-46DA-8C79-512D08D10205}.Release|Any CPU.Build.0 = Release|Any CPU
		{98DD9A38-AA02-46FF-8DAC-052319F833B3}.Debug|Any CPU.ActiveCfg = Debug|Any CPU
		{98DD9A38-AA02-46FF-8DAC-052319F833B3}.Debug|Any CPU.Build.0 = Debug|Any CPU
		{98DD9A38-AA02-46FF-8DAC-052319F833B3}.Release|Any CPU.ActiveCfg = Release|Any CPU
		{98DD9A38-AA02-46FF-8DAC-052319F833B3}.Release|Any CPU.Build.0 = Release|Any CPU
		{57B2E14A-7F4C-4D67-A607-9532D19CDC68}.Debug|Any CPU.ActiveCfg = Debug|Any CPU
		{57B2E14A-7F4C-4D67-A607-9532D19CDC68}.Debug|Any CPU.Build.0 = Debug|Any CPU
		{57B2E14A-7F4C-4D67-A607-9532D19CDC68}.Release|Any CPU.ActiveCfg = Release|Any CPU
		{57B2E14A-7F4C-4D67-A607-9532D19CDC68}.Release|Any CPU.Build.0 = Release|Any CPU
		{DEC0A979-7439-4381-92CD-FFAD2564F6D1}.Debug|Any CPU.ActiveCfg = Debug|Any CPU
		{DEC0A979-7439-4381-92CD-FFAD2564F6D1}.Debug|Any CPU.Build.0 = Debug|Any CPU
		{DEC0A979-7439-4381-92CD-FFAD2564F6D1}.Release|Any CPU.ActiveCfg = Release|Any CPU
		{DEC0A979-7439-4381-92CD-FFAD2564F6D1}.Release|Any CPU.Build.0 = Release|Any CPU
		{68A40CDB-CF5D-42C2-A862-B65D73DE1F70}.Debug|Any CPU.ActiveCfg = Debug|Any CPU
		{68A40CDB-CF5D-42C2-A862-B65D73DE1F70}.Debug|Any CPU.Build.0 = Debug|Any CPU
		{68A40CDB-CF5D-42C2-A862-B65D73DE1F70}.Release|Any CPU.ActiveCfg = Release|Any CPU
		{68A40CDB-CF5D-42C2-A862-B65D73DE1F70}.Release|Any CPU.Build.0 = Release|Any CPU
	EndGlobalSection
	GlobalSection(SolutionProperties) = preSolution
		HideSolutionNode = FALSE
	EndGlobalSection
	GlobalSection(ExtensibilityGlobals) = postSolution
		SolutionGuid = {DD70BEFD-7533-4C0E-BDC4-8039DFBF10E2}
	EndGlobalSection
EndGlobal
